
Microsoft Visual Studio Solution File, Format Version 12.00
# Visual Studio Version 17
VisualStudioVersion = 17.4.33110.190
MinimumVisualStudioVersion = 10.0.40219.1
Project("{FAE04EC0-301F-11D3-BF4B-00C04F79EFBC}") = "AspNetCoreIdentity", "AspNetCoreIdentity\AspNetCoreIdentity.csproj", "{989CF784-05DE-4643-A85D-E3362BB10B38}"
EndProject
Global
	GlobalSection(SolutionConfigurationPlatforms) = preSolution
		Debug|Any CPU = Debug|Any CPU
		Release|Any CPU = Release|Any CPU
	EndGlobalSection
	GlobalSection(ProjectConfigurationPlatforms) = postSolution
		{989CF784-05DE-4643-A85D-E3362BB10B38}.Debug|Any CPU.ActiveCfg = Debug|Any CPU
		{989CF784-05DE-4643-A85D-E3362BB10B38}.Debug|Any CPU.Build.0 = Debug|Any CPU
		{989CF784-05DE-4643-A85D-E3362BB10B38}.Release|Any CPU.ActiveCfg = Release|Any CPU
		{989CF784-05DE-4643-A85D-E3362BB10B38}.Release|Any CPU.Build.0 = Release|Any CPU
	EndGlobalSection
	GlobalSection(SolutionProperties) = preSolution
		HideSolutionNode = FALSE
	EndGlobalSection
	GlobalSection(ExtensibilityGlobals) = postSolution
		SolutionGuid = {2C65B245-E51F-48C8-AABF-662333F63D1A}
	EndGlobalSection
EndGlobal
